
Microsoft Visual Studio Solution File, Format Version 12.00
Project("{FAE04EC0-301F-11D3-BF4B-00C04F79EFBC}") = "RSS-client", "RSS-client\RSS-client.csproj", "{D27D5871-72B5-4C07-88AB-5AD76B77E38B}"
EndProject
Global
	GlobalSection(SolutionConfigurationPlatforms) = preSolution
		Debug|Any CPU = Debug|Any CPU
		Release|Any CPU = Release|Any CPU
	EndGlobalSection
	GlobalSection(ProjectConfigurationPlatforms) = postSolution
		{D27D5871-72B5-4C07-88AB-5AD76B77E38B}.Debug|Any CPU.ActiveCfg = Debug|Any CPU
		{D27D5871-72B5-4C07-88AB-5AD76B77E38B}.Debug|Any CPU.Build.0 = Debug|Any CPU
		{D27D5871-72B5-4C07-88AB-5AD76B77E38B}.Release|Any CPU.ActiveCfg = Release|Any CPU
		{D27D5871-72B5-4C07-88AB-5AD76B77E38B}.Release|Any CPU.Build.0 = Release|Any CPU
	EndGlobalSection
EndGlobal
